// !$*UTF8*$!
{
	archiveVersion = 1;
	classes = {
	};
	objectVersion = 50;
	objects = {

/* Begin PBXBuildFile section */
		1A38E54A2675E05D0077D132 /* StringEditorApp.swift in Sources */ = {isa = PBXBuildFile; fileRef = 1A38E5492675E05D0077D132 /* StringEditorApp.swift */; };
		1A38E54C2675E05D0077D132 /* ContentView.swift in Sources */ = {isa = PBXBuildFile; fileRef = 1A38E54B2675E05D0077D132 /* ContentView.swift */; };
		1A38E54E2675E05F0077D132 /* Assets.xcassets in Resources */ = {isa = PBXBuildFile; fileRef = 1A38E54D2675E05F0077D132 /* Assets.xcassets */; };
		1A38E5512675E05F0077D132 /* Preview Assets.xcassets in Resources */ = {isa = PBXBuildFile; fileRef = 1A38E5502675E05F0077D132 /* Preview Assets.xcassets */; };
		1A38E55C2675E05F0077D132 /* StringEditorTests.swift in Sources */ = {isa = PBXBuildFile; fileRef = 1A38E55B2675E05F0077D132 /* StringEditorTests.swift */; };
		1A38E5672675E05F0077D132 /* StringEditorUITests.swift in Sources */ = {isa = PBXBuildFile; fileRef = 1A38E5662675E05F0077D132 /* StringEditorUITests.swift */; };
/* End PBXBuildFile section */

/* Begin PBXContainerItemProxy section */
		1A38E5582675E05F0077D132 /* PBXContainerItemProxy */ = {
			isa = PBXContainerItemProxy;
			containerPortal = 1A38E53E2675E05D0077D132 /* Project object */;
			proxyType = 1;
			remoteGlobalIDString = 1A38E5452675E05D0077D132;
			remoteInfo = StringEditor;
		};
		1A38E5632675E05F0077D132 /* PBXContainerItemProxy */ = {
			isa = PBXContainerItemProxy;
			containerPortal = 1A38E53E2675E05D0077D132 /* Project object */;
			proxyType = 1;
			remoteGlobalIDString = 1A38E5452675E05D0077D132;
			remoteInfo = StringEditor;
		};
/* End PBXContainerItemProxy section */

/* Begin PBXFileReference section */
		1A38E5462675E05D0077D132 /* StringEditor.app */ = {isa = PBXFileReference; explicitFileType = wrapper.application; includeInIndex = 0; path = StringEditor.app; sourceTree = BUILT_PRODUCTS_DIR; };
		1A38E5492675E05D0077D132 /* StringEditorApp.swift */ = {isa = PBXFileReference; lastKnownFileType = sourcecode.swift; path = StringEditorApp.swift; sourceTree = "<group>"; };
		1A38E54B2675E05D0077D132 /* ContentView.swift */ = {isa = PBXFileReference; lastKnownFileType = sourcecode.swift; path = ContentView.swift; sourceTree = "<group>"; };
		1A38E54D2675E05F0077D132 /* Assets.xcassets */ = {isa = PBXFileReference; lastKnownFileType = folder.assetcatalog; path = Assets.xcassets; sourceTree = "<group>"; };
		1A38E5502675E05F0077D132 /* Preview Assets.xcassets */ = {isa = PBXFileReference; lastKnownFileType = folder.assetcatalog; path = "Preview Assets.xcassets"; sourceTree = "<group>"; };
		1A38E5522675E05F0077D132 /* Info.plist */ = {isa = PBXFileReference; lastKnownFileType = text.plist.xml; path = Info.plist; sourceTree = "<group>"; };
		1A38E5572675E05F0077D132 /* StringEditorTests.xctest */ = {isa = PBXFileReference; explicitFileType = wrapper.cfbundle; includeInIndex = 0; path = StringEditorTests.xctest; sourceTree = BUILT_PRODUCTS_DIR; };
		1A38E55B2675E05F0077D132 /* StringEditorTests.swift */ = {isa = PBXFileReference; lastKnownFileType = sourcecode.swift; path = StringEditorTests.swift; sourceTree = "<group>"; };
		1A38E55D2675E05F0077D132 /* Info.plist */ = {isa = PBXFileReference; lastKnownFileType = text.plist.xml; path = Info.plist; sourceTree = "<group>"; };
		1A38E5622675E05F0077D132 /* StringEditorUITests.xctest */ = {isa = PBXFileReference; explicitFileType = wrapper.cfbundle; includeInIndex = 0; path = StringEditorUITests.xctest; sourceTree = BUILT_PRODUCTS_DIR; };
		1A38E5662675E05F0077D132 /* StringEditorUITests.swift */ = {isa = PBXFileReference; lastKnownFileType = sourcecode.swift; path = StringEditorUITests.swift; sourceTree = "<group>"; };
		1A38E5682675E05F0077D132 /* Info.plist */ = {isa = PBXFileReference; lastKnownFileType = text.plist.xml; path = Info.plist; sourceTree = "<group>"; };
/* End PBXFileReference section */

/* Begin PBXFrameworksBuildPhase section */
		1A38E5432675E05D0077D132 /* Frameworks */ = {
			isa = PBXFrameworksBuildPhase;
			buildActionMask = 2147483647;
			files = (
			);
			runOnlyForDeploymentPostprocessing = 0;
		};
		1A38E5542675E05F0077D132 /* Frameworks */ = {
			isa = PBXFrameworksBuildPhase;
			buildActionMask = 2147483647;
			files = (
			);
			runOnlyForDeploymentPostprocessing = 0;
		};
		1A38E55F2675E05F0077D132 /* Frameworks */ = {
			isa = PBXFrameworksBuildPhase;
			buildActionMask = 2147483647;
			files = (
			);
			runOnlyForDeploymentPostprocessing = 0;
		};
/* End PBXFrameworksBuildPhase section */

/* Begin PBXGroup section */
		1A38E53D2675E05D0077D132 = {
			isa = PBXGroup;
			children = (
				1A38E5482675E05D0077D132 /* StringEditor */,
				1A38E55A2675E05F0077D132 /* StringEditorTests */,
				1A38E5652675E05F0077D132 /* StringEditorUITests */,
				1A38E5472675E05D0077D132 /* Products */,
			);
			sourceTree = "<group>";
		};
		1A38E5472675E05D0077D132 /* Products */ = {
			isa = PBXGroup;
			children = (
				1A38E5462675E05D0077D132 /* StringEditor.app */,
				1A38E5572675E05F0077D132 /* StringEditorTests.xctest */,
				1A38E5622675E05F0077D132 /* StringEditorUITests.xctest */,
			);
			name = Products;
			sourceTree = "<group>";
		};
		1A38E5482675E05D0077D132 /* StringEditor */ = {
			isa = PBXGroup;
			children = (
				1A38E5492675E05D0077D132 /* StringEditorApp.swift */,
				1A38E54B2675E05D0077D132 /* ContentView.swift */,
				1A38E54D2675E05F0077D132 /* Assets.xcassets */,
				1A38E5522675E05F0077D132 /* Info.plist */,
				1A38E54F2675E05F0077D132 /* Preview Content */,
			);
			path = StringEditor;
			sourceTree = "<group>";
		};
		1A38E54F2675E05F0077D132 /* Preview Content */ = {
			isa = PBXGroup;
			children = (
				1A38E5502675E05F0077D132 /* Preview Assets.xcassets */,
			);
			path = "Preview Content";
			sourceTree = "<group>";
		};
		1A38E55A2675E05F0077D132 /* StringEditorTests */ = {
			isa = PBXGroup;
			children = (
				1A38E55B2675E05F0077D132 /* StringEditorTests.swift */,
				1A38E55D2675E05F0077D132 /* Info.plist */,
			);
			path = StringEditorTests;
			sourceTree = "<group>";
		};
		1A38E5652675E05F0077D132 /* StringEditorUITests */ = {
			isa = PBXGroup;
			children = (
				1A38E5662675E05F0077D132 /* StringEditorUITests.swift */,
				1A38E5682675E05F0077D132 /* Info.plist */,
			);
			path = StringEditorUITests;
			sourceTree = "<group>";
		};
/* End PBXGroup section */

/* Begin PBXNativeTarget section */
		1A38E5452675E05D0077D132 /* StringEditor */ = {
			isa = PBXNativeTarget;
			buildConfigurationList = 1A38E56B2675E05F0077D132 /* Build configuration list for PBXNativeTarget "StringEditor" */;
			buildPhases = (
				1A38E5422675E05D0077D132 /* Sources */,
				1A38E5432675E05D0077D132 /* Frameworks */,
				1A38E5442675E05D0077D132 /* Resources */,
			);
			buildRules = (
			);
			dependencies = (
			);
			name = StringEditor;
			productName = StringEditor;
			productReference = 1A38E5462675E05D0077D132 /* StringEditor.app */;
			productType = "com.apple.product-type.application";
		};
		1A38E5562675E05F0077D132 /* StringEditorTests */ = {
			isa = PBXNativeTarget;
			buildConfigurationList = 1A38E56E2675E05F0077D132 /* Build configuration list for PBXNativeTarget "StringEditorTests" */;
			buildPhases = (
				1A38E5532675E05F0077D132 /* Sources */,
				1A38E5542675E05F0077D132 /* Frameworks */,
				1A38E5552675E05F0077D132 /* Resources */,
			);
			buildRules = (
			);
			dependencies = (
				1A38E5592675E05F0077D132 /* PBXTargetDependency */,
			);
			name = StringEditorTests;
			productName = StringEditorTests;
			productReference = 1A38E5572675E05F0077D132 /* StringEditorTests.xctest */;
			productType = "com.apple.product-type.bundle.unit-test";
		};
		1A38E5612675E05F0077D132 /* StringEditorUITests */ = {
			isa = PBXNativeTarget;
			buildConfigurationList = 1A38E5712675E05F0077D132 /* Build configuration list for PBXNativeTarget "StringEditorUITests" */;
			buildPhases = (
				1A38E55E2675E05F0077D132 /* Sources */,
				1A38E55F2675E05F0077D132 /* Frameworks */,
				1A38E5602675E05F0077D132 /* Resources */,
			);
			buildRules = (
			);
			dependencies = (
				1A38E5642675E05F0077D132 /* PBXTargetDependency */,
			);
			name = StringEditorUITests;
			productName = StringEditorUITests;
			productReference = 1A38E5622675E05F0077D132 /* StringEditorUITests.xctest */;
			productType = "com.apple.product-type.bundle.ui-testing";
		};
/* End PBXNativeTarget section */

/* Begin PBXProject section */
		1A38E53E2675E05D0077D132 /* Project object */ = {
			isa = PBXProject;
			attributes = {
				LastSwiftUpdateCheck = 1240;
				LastUpgradeCheck = 1240;
				TargetAttributes = {
					1A38E5452675E05D0077D132 = {
						CreatedOnToolsVersion = 12.4;
					};
					1A38E5562675E05F0077D132 = {
						CreatedOnToolsVersion = 12.4;
						TestTargetID = 1A38E5452675E05D0077D132;
					};
					1A38E5612675E05F0077D132 = {
						CreatedOnToolsVersion = 12.4;
						TestTargetID = 1A38E5452675E05D0077D132;
					};
				};
			};
			buildConfigurationList = 1A38E5412675E05D0077D132 /* Build configuration list for PBXProject "StringEditor" */;
			compatibilityVersion = "Xcode 9.3";
			developmentRegion = en;
			hasScannedForEncodings = 0;
			knownRegions = (
				en,
				Base,
			);
			mainGroup = 1A38E53D2675E05D0077D132;
			productRefGroup = 1A38E5472675E05D0077D132 /* Products */;
			projectDirPath = "";
			projectRoot = "";
			targets = (
				1A38E5452675E05D0077D132 /* StringEditor */,
				1A38E5562675E05F0077D132 /* StringEditorTests */,
				1A38E5612675E05F0077D132 /* StringEditorUITests */,
			);
		};
/* End PBXProject section */

/* Begin PBXResourcesBuildPhase section */
		1A38E5442675E05D0077D132 /* Resources */ = {
			isa = PBXResourcesBuildPhase;
			buildActionMask = 2147483647;
			files = (
				1A38E5512675E05F0077D132 /* Preview Assets.xcassets in Resources */,
				1A38E54E2675E05F0077D132 /* Assets.xcassets in Resources */,
			);
			runOnlyForDeploymentPostprocessing = 0;
		};
		1A38E5552675E05F0077D132 /* Resources */ = {
			isa = PBXResourcesBuildPhase;
			buildActionMask = 2147483647;
			files = (
			);
			runOnlyForDeploymentPostprocessing = 0;
		};
		1A38E5602675E05F0077D132 /* Resources */ = {
			isa = PBXResourcesBuildPhase;
			buildActionMask = 2147483647;
			files = (
			);
			runOnlyForDeploymentPostprocessing = 0;
		};
/* End PBXResourcesBuildPhase section */

/* Begin PBXSourcesBuildPhase section */
		1A38E5422675E05D0077D132 /* Sources */ = {
			isa = PBXSourcesBuildPhase;
			buildActionMask = 2147483647;
			files = (
				1A38E54C2675E05D0077D132 /* ContentView.swift in Sources */,
				1A38E54A2675E05D0077D132 /* StringEditorApp.swift in Sources */,
			);
			runOnlyForDeploymentPostprocessing = 0;
		};
		1A38E5532675E05F0077D132 /* Sources */ = {
			isa = PBXSourcesBuildPhase;
			buildActionMask = 2147483647;
			files = (
				1A38E55C2675E05F0077D132 /* StringEditorTests.swift in Sources */,
			);
			runOnlyForDeploymentPostprocessing = 0;
		};
		1A38E55E2675E05F0077D132 /* Sources */ = {
			isa = PBXSourcesBuildPhase;
			buildActionMask = 2147483647;
			files = (
				1A38E5672675E05F0077D132 /* StringEditorUITests.swift in Sources */,
			);
			runOnlyForDeploymentPostprocessing = 0;
		};
/* End PBXSourcesBuildPhase section */

/* Begin PBXTargetDependency section */
		1A38E5592675E05F0077D132 /* PBXTargetDependency */ = {
			isa = PBXTargetDependency;
			target = 1A38E5452675E05D0077D132 /* StringEditor */;
			targetProxy = 1A38E5582675E05F0077D132 /* PBXContainerItemProxy */;
		};
		1A38E5642675E05F0077D132 /* PBXTargetDependency */ = {
			isa = PBXTargetDependency;
			target = 1A38E5452675E05D0077D132 /* StringEditor */;
			targetProxy = 1A38E5632675E05F0077D132 /* PBXContainerItemProxy */;
		};
/* End PBXTargetDependency section */

/* Begin XCBuildConfiguration section */
		1A38E5692675E05F0077D132 /* Debug */ = {
			isa = XCBuildConfiguration;
			buildSettings = {
				ALWAYS_SEARCH_USER_PATHS = NO;
				CLANG_ANALYZER_NONNULL = YES;
				CLANG_ANALYZER_NUMBER_OBJECT_CONVERSION = YES_AGGRESSIVE;
				CLANG_CXX_LANGUAGE_STANDARD = "gnu++14";
				CLANG_CXX_LIBRARY = "libc++";
				CLANG_ENABLE_MODULES = YES;
				CLANG_ENABLE_OBJC_ARC = YES;
				CLANG_ENABLE_OBJC_WEAK = YES;
				CLANG_WARN_BLOCK_CAPTURE_AUTORELEASING = YES;
				CLANG_WARN_BOOL_CONVERSION = YES;
				CLANG_WARN_COMMA = YES;
				CLANG_WARN_CONSTANT_CONVERSION = YES;
				CLANG_WARN_DEPRECATED_OBJC_IMPLEMENTATIONS = YES;
				CLANG_WARN_DIRECT_OBJC_ISA_USAGE = YES_ERROR;
				CLANG_WARN_DOCUMENTATION_COMMENTS = YES;
				CLANG_WARN_EMPTY_BODY = YES;
				CLANG_WARN_ENUM_CONVERSION = YES;
				CLANG_WARN_INFINITE_RECURSION = YES;
				CLANG_WARN_INT_CONVERSION = YES;
				CLANG_WARN_NON_LITERAL_NULL_CONVERSION = YES;
				CLANG_WARN_OBJC_IMPLICIT_RETAIN_SELF = YES;
				CLANG_WARN_OBJC_LITERAL_CONVERSION = YES;
				CLANG_WARN_OBJC_ROOT_CLASS = YES_ERROR;
				CLANG_WARN_QUOTED_INCLUDE_IN_FRAMEWORK_HEADER = YES;
				CLANG_WARN_RANGE_LOOP_ANALYSIS = YES;
				CLANG_WARN_STRICT_PROTOTYPES = YES;
				CLANG_WARN_SUSPICIOUS_MOVE = YES;
				CLANG_WARN_UNGUARDED_AVAILABILITY = YES_AGGRESSIVE;
				CLANG_WARN_UNREACHABLE_CODE = YES;
				CLANG_WARN__DUPLICATE_METHOD_MATCH = YES;
				COPY_PHASE_STRIP = NO;
				DEBUG_INFORMATION_FORMAT = dwarf;
				ENABLE_STRICT_OBJC_MSGSEND = YES;
				ENABLE_TESTABILITY = YES;
				GCC_C_LANGUAGE_STANDARD = gnu11;
				GCC_DYNAMIC_NO_PIC = NO;
				GCC_NO_COMMON_BLOCKS = YES;
				GCC_OPTIMIZATION_LEVEL = 0;
				GCC_PREPROCESSOR_DEFINITIONS = (
					"DEBUG=1",
					"$(inherited)",
				);
				GCC_WARN_64_TO_32_BIT_CONVERSION = YES;
				GCC_WARN_ABOUT_RETURN_TYPE = YES_ERROR;
				GCC_WARN_UNDECLARED_SELECTOR = YES;
				GCC_WARN_UNINITIALIZED_AUTOS = YES_AGGRESSIVE;
				GCC_WARN_UNUSED_FUNCTION = YES;
				GCC_WARN_UNUSED_VARIABLE = YES;
				IPHONEOS_DEPLOYMENT_TARGET = 14.4;
				MTL_ENABLE_DEBUG_INFO = INCLUDE_SOURCE;
				MTL_FAST_MATH = YES;
				ONLY_ACTIVE_ARCH = YES;
				SDKROOT = iphoneos;
				SWIFT_ACTIVE_COMPILATION_CONDITIONS = DEBUG;
				SWIFT_OPTIMIZATION_LEVEL = "-Onone";
			};
			name = Debug;
		};
		1A38E56A2675E05F0077D132 /* Release */ = {
			isa = XCBuildConfiguration;
			buildSettings = {
				ALWAYS_SEARCH_USER_PATHS = NO;
				CLANG_ANALYZER_NONNULL = YES;
				CLANG_ANALYZER_NUMBER_OBJECT_CONVERSION = YES_AGGRESSIVE;
				CLANG_CXX_LANGUAGE_STANDARD = "gnu++14";
				CLANG_CXX_LIBRARY = "libc++";
				CLANG_ENABLE_MODULES = YES;
				CLANG_ENABLE_OBJC_ARC = YES;
				CLANG_ENABLE_OBJC_WEAK = YES;
				CLANG_WARN_BLOCK_CAPTURE_AUTORELEASING = YES;
				CLANG_WARN_BOOL_CONVERSION = YES;
				CLANG_WARN_COMMA = YES;
				CLANG_WARN_CONSTANT_CONVERSION = YES;
				CLANG_WARN_DEPRECATED_OBJC_IMPLEMENTATIONS = YES;
				CLANG_WARN_DIRECT_OBJC_ISA_USAGE = YES_ERROR;
				CLANG_WARN_DOCUMENTATION_COMMENTS = YES;
				CLANG_WARN_EMPTY_BODY = YES;
				CLANG_WARN_ENUM_CONVERSION = YES;
				CLANG_WARN_INFINITE_RECURSION = YES;
				CLANG_WARN_INT_CONVERSION = YES;
				CLANG_WARN_NON_LITERAL_NULL_CONVERSION = YES;
				CLANG_WARN_OBJC_IMPLICIT_RETAIN_SELF = YES;
				CLANG_WARN_OBJC_LITERAL_CONVERSION = YES;
				CLANG_WARN_OBJC_ROOT_CLASS = YES_ERROR;
				CLANG_WARN_QUOTED_INCLUDE_IN_FRAMEWORK_HEADER = YES;
				CLANG_WARN_RANGE_LOOP_ANALYSIS = YES;
				CLANG_WARN_STRICT_PROTOTYPES = YES;
				CLANG_WARN_SUSPICIOUS_MOVE = YES;
				CLANG_WARN_UNGUARDED_AVAILABILITY = YES_AGGRESSIVE;
				CLANG_WARN_UNREACHABLE_CODE = YES;
				CLANG_WARN__DUPLICATE_METHOD_MATCH = YES;
				COPY_PHASE_STRIP = NO;
				DEBUG_INFORMATION_FORMAT = "dwarf-with-dsym";
				ENABLE_NS_ASSERTIONS = NO;
				ENABLE_STRICT_OBJC_MSGSEND = YES;
				GCC_C_LANGUAGE_STANDARD = gnu11;
				GCC_NO_COMMON_BLOCKS = YES;
				GCC_WARN_64_TO_32_BIT_CONVERSION = YES;
				GCC_WARN_ABOUT_RETURN_TYPE = YES_ERROR;
				GCC_WARN_UNDECLARED_SELECTOR = YES;
				GCC_WARN_UNINITIALIZED_AUTOS = YES_AGGRESSIVE;
				GCC_WARN_UNUSED_FUNCTION = YES;
				GCC_WARN_UNUSED_VARIABLE = YES;
				IPHONEOS_DEPLOYMENT_TARGET = 14.4;
				MTL_ENABLE_DEBUG_INFO = NO;
				MTL_FAST_MATH = YES;
				SDKROOT = iphoneos;
				SWIFT_COMPILATION_MODE = wholemodule;
				SWIFT_OPTIMIZATION_LEVEL = "-O";
				VALIDATE_PRODUCT = YES;
			};
			name = Release;
		};
		1A38E56C2675E05F0077D132 /* Debug */ = {
			isa = XCBuildConfiguration;
			buildSettings = {
				ASSETCATALOG_COMPILER_APPICON_NAME = AppIcon;
				ASSETCATALOG_COMPILER_GLOBAL_ACCENT_COLOR_NAME = AccentColor;
				CODE_SIGN_STYLE = Automatic;
				DEVELOPMENT_ASSET_PATHS = "\"StringEditor/Preview Content\"";
				ENABLE_PREVIEWS = YES;
				INFOPLIST_FILE = StringEditor/Info.plist;
				IPHONEOS_DEPLOYMENT_TARGET = 14.0;
				LD_RUNPATH_SEARCH_PATHS = (
					"$(inherited)",
					"@executable_path/Frameworks",
				);
				PRODUCT_BUNDLE_IDENTIFIER = "Tim-Randall.StringEditor";
				PRODUCT_NAME = "$(TARGET_NAME)";
				SWIFT_VERSION = 5.0;
				TARGETED_DEVICE_FAMILY = "1,2";
			};
			name = Debug;
		};
		1A38E56D2675E05F0077D132 /* Release */ = {
			isa = XCBuildConfiguration;
			buildSettings = {
				ASSETCATALOG_COMPILER_APPICON_NAME = AppIcon;
				ASSETCATALOG_COMPILER_GLOBAL_ACCENT_COLOR_NAME = AccentColor;
				CODE_SIGN_STYLE = Automatic;
				DEVELOPMENT_ASSET_PATHS = "\"StringEditor/Preview Content\"";
				ENABLE_PREVIEWS = YES;
				INFOPLIST_FILE = StringEditor/Info.plist;
				IPHONEOS_DEPLOYMENT_TARGET = 14.0;
				LD_RUNPATH_SEARCH_PATHS = (
					"$(inherited)",
					"@executable_path/Frameworks",
				);
				PRODUCT_BUNDLE_IDENTIFIER = "Tim-Randall.StringEditor";
				PRODUCT_NAME = "$(TARGET_NAME)";
				SWIFT_VERSION = 5.0;
				TARGETED_DEVICE_FAMILY = "1,2";
			};
			name = Release;
		};
		1A38E56F2675E05F0077D132 /* Debug */ = {
			isa = XCBuildConfiguration;
			buildSettings = {
				ALWAYS_EMBED_SWIFT_STANDARD_LIBRARIES = YES;
				BUNDLE_LOADER = "$(TEST_HOST)";
				CODE_SIGN_STYLE = Automatic;
				INFOPLIST_FILE = StringEditorTests/Info.plist;
				IPHONEOS_DEPLOYMENT_TARGET = 14.0;
				LD_RUNPATH_SEARCH_PATHS = (
					"$(inherited)",
					"@executable_path/Frameworks",
					"@loader_path/Frameworks",
				);
				PRODUCT_BUNDLE_IDENTIFIER = "Tim-Randall.StringEditorTests";
				PRODUCT_NAME = "$(TARGET_NAME)";
				SWIFT_VERSION = 5.0;
				TARGETED_DEVICE_FAMILY = "1,2";
				TEST_HOST = "$(BUILT_PRODUCTS_DIR)/StringEditor.app/StringEditor";
			};
			name = Debug;
		};
		1A38E5702675E05F0077D132 /* Release */ = {
			isa = XCBuildConfiguration;
			buildSettings = {
				ALWAYS_EMBED_SWIFT_STANDARD_LIBRARIES = YES;
				BUNDLE_LOADER = "$(TEST_HOST)";
				CODE_SIGN_STYLE = Automatic;
				INFOPLIST_FILE = StringEditorTests/Info.plist;
				IPHONEOS_DEPLOYMENT_TARGET = 14.0;
				LD_RUNPATH_SEARCH_PATHS = (
					"$(inherited)",
					"@executable_path/Frameworks",
					"@loader_path/Frameworks",
				);
				PRODUCT_BUNDLE_IDENTIFIER = "Tim-Randall.StringEditorTests";
				PRODUCT_NAME = "$(TARGET_NAME)";
				SWIFT_VERSION = 5.0;
				TARGETED_DEVICE_FAMILY = "1,2";
				TEST_HOST = "$(BUILT_PRODUCTS_DIR)/StringEditor.app/StringEditor";
			};
			name = Release;
		};
		1A38E5722675E05F0077D132 /* Debug */ = {
			isa = XCBuildConfiguration;
			buildSettings = {
				ALWAYS_EMBED_SWIFT_STANDARD_LIBRARIES = YES;
				CODE_SIGN_STYLE = Automatic;
				INFOPLIST_FILE = StringEditorUITests/Info.plist;
				LD_RUNPATH_SEARCH_PATHS = (
					"$(inherited)",
					"@executable_path/Frameworks",
					"@loader_path/Frameworks",
				);
				PRODUCT_BUNDLE_IDENTIFIER = "Tim-Randall.StringEditorUITests";
				PRODUCT_NAME = "$(TARGET_NAME)";
				SWIFT_VERSION = 5.0;
				TARGETED_DEVICE_FAMILY = "1,2";
				TEST_TARGET_NAME = StringEditor;
			};
			name = Debug;
		};
		1A38E5732675E05F0077D132 /* Release */ = {
			isa = XCBuildConfiguration;
			buildSettings = {
				ALWAYS_EMBED_SWIFT_STANDARD_LIBRARIES = YES;
				CODE_SIGN_STYLE = Automatic;
				INFOPLIST_FILE = StringEditorUITests/Info.plist;
				LD_RUNPATH_SEARCH_PATHS = (
					"$(inherited)",
					"@executable_path/Frameworks",
					"@loader_path/Frameworks",
				);
				PRODUCT_BUNDLE_IDENTIFIER = "Tim-Randall.StringEditorUITests";
				PRODUCT_NAME = "$(TARGET_NAME)";
				SWIFT_VERSION = 5.0;
				TARGETED_DEVICE_FAMILY = "1,2";
				TEST_TARGET_NAME = StringEditor;
			};
			name = Release;
		};
/* End XCBuildConfiguration section */

/* Begin XCConfigurationList section */
		1A38E5412675E05D0077D132 /* Build configuration list for PBXProject "StringEditor" */ = {
			isa = XCConfigurationList;
			buildConfigurations = (
				1A38E5692675E05F0077D132 /* Debug */,
				1A38E56A2675E05F0077D132 /* Release */,
			);
			defaultConfigurationIsVisible = 0;
			defaultConfigurationName = Release;
		};
		1A38E56B2675E05F0077D132 /* Build configuration list for PBXNativeTarget "StringEditor" */ = {
			isa = XCConfigurationList;
			buildConfigurations = (
				1A38E56C2675E05F0077D132 /* Debug */,
				1A38E56D2675E05F0077D132 /* Release */,
			);
			defaultConfigurationIsVisible = 0;
			defaultConfigurationName = Release;
		};
		1A38E56E2675E05F0077D132 /* Build configuration list for PBXNativeTarget "StringEditorTests" */ = {
			isa = XCConfigurationList;
			buildConfigurations = (
				1A38E56F2675E05F0077D132 /* Debug */,
				1A38E5702675E05F0077D132 /* Release */,
			);
			defaultConfigurationIsVisible = 0;
			defaultConfigurationName = Release;
		};
		1A38E5712675E05F0077D132 /* Build configuration list for PBXNativeTarget "StringEditorUITests" */ = {
			isa = XCConfigurationList;
			buildConfigurations = (
				1A38E5722675E05F0077D132 /* Debug */,
				1A38E5732675E05F0077D132 /* Release */,
			);
			defaultConfigurationIsVisible = 0;
			defaultConfigurationName = Release;
		};
/* End XCConfigurationList section */
	};
	rootObject = 1A38E53E2675E05D0077D132 /* Project object */;
}
